
Microsoft Visual Studio Solution File, Format Version 12.00
# Visual Studio Version 17
VisualStudioVersion = 17.10.35013.160
MinimumVisualStudioVersion = 10.0.40219.1
Project("{2150E333-8FDC-42A3-9474-1A3956D46DE8}") = "configurations", "configurations", "{CB390353-2998-4E62-B937-3E13FCA39249}"
EndProject
Project("{2150E333-8FDC-42A3-9474-1A3956D46DE8}") = "databases", "databases", "{3018A710-BDB8-4412-90EC-E0826B6BE48B}"
	ProjectSection(SolutionItems) = preProject
		databases\TaskSchedulerJob.bat = databases\TaskSchedulerJob.bat
		databases\TaskSchedulerJobScript.sql = databases\TaskSchedulerJobScript.sql
	EndProjectSection
EndProject
Project("{2150E333-8FDC-42A3-9474-1A3956D46DE8}") = "desktop", "desktop", "{3FEB8D56-9E94-48BD-A84C-F6CA294BF5DE}"
EndProject
Project("{2150E333-8FDC-42A3-9474-1A3956D46DE8}") = "libraries", "libraries", "{98CD6459-9A38-4B66-BBC1-96D80EFE257C}"
EndProject
Project("{2150E333-8FDC-42A3-9474-1A3956D46DE8}") = "misc", "misc", "{9417AD70-A8E0-419C-9E5E-570F61C2FB97}"
	ProjectSection(SolutionItems) = preProject
		.gitignore = .gitignore
		README.md = README.md
	EndProjectSection
EndProject
Project("{2150E333-8FDC-42A3-9474-1A3956D46DE8}") = "task_scheduler", "task_scheduler", "{E28A0E16-4174-4251-B5C6-8DF8E7C4832F}"
EndProject
Project("{2150E333-8FDC-42A3-9474-1A3956D46DE8}") = "web", "web", "{22701543-0EF8-4BB3-BFC8-05FFCD353694}"
EndProject
Project("{00D1A9C2-B5F0-4AF3-8072-F6C62B433612}") = "AdminDB", "databases\AdminDB\AdminDB.sqlproj", "{5D162959-3629-45E8-865E-394B1663E2D4}"
EndProject
Project("{00D1A9C2-B5F0-4AF3-8072-F6C62B433612}") = "CoreDB", "databases\CoreDB\CoreDB.sqlproj", "{9E6BA115-E037-4E9B-B193-AE7474488C2D}"
EndProject
Project("{9A19103F-16F7-4668-BE54-9A1E7A4F7556}") = "DemoApp", "DemoApp\DemoApp.csproj", "{CE65AFDB-CD95-4EEF-9D24-B39CC04A732D}"
EndProject
Project("{9A19103F-16F7-4668-BE54-9A1E7A4F7556}") = "DemoApp.Persistence", "DemoApp.Persistence\DemoApp.Persistence.csproj", "{3EEC5636-40BC-4A2B-839A-2270C2E0D915}"
EndProject
Project("{54A90642-561A-4BB1-A94E-469ADEE60C69}") = "DemoApp.spa", "DemoApp.spa\DemoApp.spa.esproj", "{1CBA20F1-A02A-43EF-B30B-1DC3A36FF124}"
EndProject
Project("{9A19103F-16F7-4668-BE54-9A1E7A4F7556}") = "DemoApp.Core", "DemoApp.Core\DemoApp.Core.csproj", "{3598A817-83E2-4416-9A65-BF455C2504E0}"
EndProject
Project("{FAE04EC0-301F-11D3-BF4B-00C04F79EFBC}") = "DemoApp.Domain", "DemoApp.Domain\DemoApp.Domain.csproj", "{74564325-83D6-414E-85C2-3E3FF3A6FE67}"
EndProject
Global
	GlobalSection(SolutionConfigurationPlatforms) = preSolution
		Debug|Any CPU = Debug|Any CPU
		Release|Any CPU = Release|Any CPU
	EndGlobalSection
	GlobalSection(ProjectConfigurationPlatforms) = postSolution
		{5D162959-3629-45E8-865E-394B1663E2D4}.Debug|Any CPU.ActiveCfg = Debug|Any CPU
		{5D162959-3629-45E8-865E-394B1663E2D4}.Debug|Any CPU.Deploy.0 = Debug|Any CPU
		{5D162959-3629-45E8-865E-394B1663E2D4}.Release|Any CPU.ActiveCfg = Release|Any CPU
		{5D162959-3629-45E8-865E-394B1663E2D4}.Release|Any CPU.Build.0 = Release|Any CPU
		{5D162959-3629-45E8-865E-394B1663E2D4}.Release|Any CPU.Deploy.0 = Release|Any CPU
		{9E6BA115-E037-4E9B-B193-AE7474488C2D}.Debug|Any CPU.ActiveCfg = Debug|Any CPU
		{9E6BA115-E037-4E9B-B193-AE7474488C2D}.Debug|Any CPU.Deploy.0 = Debug|Any CPU
		{9E6BA115-E037-4E9B-B193-AE7474488C2D}.Release|Any CPU.ActiveCfg = Release|Any CPU
		{9E6BA115-E037-4E9B-B193-AE7474488C2D}.Release|Any CPU.Build.0 = Release|Any CPU
		{9E6BA115-E037-4E9B-B193-AE7474488C2D}.Release|Any CPU.Deploy.0 = Release|Any CPU
		{CE65AFDB-CD95-4EEF-9D24-B39CC04A732D}.Debug|Any CPU.ActiveCfg = Debug|Any CPU
		{CE65AFDB-CD95-4EEF-9D24-B39CC04A732D}.Debug|Any CPU.Build.0 = Debug|Any CPU
		{CE65AFDB-CD95-4EEF-9D24-B39CC04A732D}.Release|Any CPU.ActiveCfg = Release|Any CPU
		{CE65AFDB-CD95-4EEF-9D24-B39CC04A732D}.Release|Any CPU.Build.0 = Release|Any CPU
		{3EEC5636-40BC-4A2B-839A-2270C2E0D915}.Debug|Any CPU.ActiveCfg = Debug|Any CPU
		{3EEC5636-40BC-4A2B-839A-2270C2E0D915}.Debug|Any CPU.Build.0 = Debug|Any CPU
		{3EEC5636-40BC-4A2B-839A-2270C2E0D915}.Release|Any CPU.ActiveCfg = Release|Any CPU
		{3EEC5636-40BC-4A2B-839A-2270C2E0D915}.Release|Any CPU.Build.0 = Release|Any CPU
		{1CBA20F1-A02A-43EF-B30B-1DC3A36FF124}.Debug|Any CPU.ActiveCfg = Debug|Any CPU
		{1CBA20F1-A02A-43EF-B30B-1DC3A36FF124}.Debug|Any CPU.Build.0 = Debug|Any CPU
		{1CBA20F1-A02A-43EF-B30B-1DC3A36FF124}.Debug|Any CPU.Deploy.0 = Debug|Any CPU
		{1CBA20F1-A02A-43EF-B30B-1DC3A36FF124}.Release|Any CPU.ActiveCfg = Release|Any CPU
		{1CBA20F1-A02A-43EF-B30B-1DC3A36FF124}.Release|Any CPU.Build.0 = Release|Any CPU
		{1CBA20F1-A02A-43EF-B30B-1DC3A36FF124}.Release|Any CPU.Deploy.0 = Release|Any CPU
		{3598A817-83E2-4416-9A65-BF455C2504E0}.Debug|Any CPU.ActiveCfg = Debug|Any CPU
		{3598A817-83E2-4416-9A65-BF455C2504E0}.Debug|Any CPU.Build.0 = Debug|Any CPU
		{3598A817-83E2-4416-9A65-BF455C2504E0}.Release|Any CPU.ActiveCfg = Release|Any CPU
		{3598A817-83E2-4416-9A65-BF455C2504E0}.Release|Any CPU.Build.0 = Release|Any CPU
		{74564325-83D6-414E-85C2-3E3FF3A6FE67}.Debug|Any CPU.ActiveCfg = Debug|Any CPU
		{74564325-83D6-414E-85C2-3E3FF3A6FE67}.Debug|Any CPU.Build.0 = Debug|Any CPU
		{74564325-83D6-414E-85C2-3E3FF3A6FE67}.Release|Any CPU.ActiveCfg = Release|Any CPU
		{74564325-83D6-414E-85C2-3E3FF3A6FE67}.Release|Any CPU.Build.0 = Release|Any CPU
	EndGlobalSection
	GlobalSection(SolutionProperties) = preSolution
		HideSolutionNode = FALSE
	EndGlobalSection
	GlobalSection(NestedProjects) = preSolution
		{5D162959-3629-45E8-865E-394B1663E2D4} = {3018A710-BDB8-4412-90EC-E0826B6BE48B}
		{9E6BA115-E037-4E9B-B193-AE7474488C2D} = {3018A710-BDB8-4412-90EC-E0826B6BE48B}
		{CE65AFDB-CD95-4EEF-9D24-B39CC04A732D} = {22701543-0EF8-4BB3-BFC8-05FFCD353694}
		{3EEC5636-40BC-4A2B-839A-2270C2E0D915} = {22701543-0EF8-4BB3-BFC8-05FFCD353694}
		{1CBA20F1-A02A-43EF-B30B-1DC3A36FF124} = {22701543-0EF8-4BB3-BFC8-05FFCD353694}
		{3598A817-83E2-4416-9A65-BF455C2504E0} = {22701543-0EF8-4BB3-BFC8-05FFCD353694}
		{74564325-83D6-414E-85C2-3E3FF3A6FE67} = {22701543-0EF8-4BB3-BFC8-05FFCD353694}
	EndGlobalSection
	GlobalSection(ExtensibilityGlobals) = postSolution
		SolutionGuid = {74A3E3F1-08A2-4527-BBFA-E1FF3289DA07}
	EndGlobalSection
EndGlobal
